{
  "name": "@topogram/topogram-hello",
  "version": "0.1.3",
  "lockfileVersion": 3,
  "requires": true,
  "packages": {
    "": {
      "name": "@topogram/topogram-hello",
      "version": "0.1.3",
      "license": "UNLICENSED",
      "devDependencies": {
        "@topogram/cli": "^0.3.108"
      }
    },
    "node_modules/@topogram/cli": {
      "version": "0.3.108",
      "resolved": "https://registry.npmjs.org/@topogram/cli/-/cli-0.3.108.tgz",
      "integrity": "sha512-CiOq1R6bnTYxLkeslD5BfpZr7AZUPgVk9dA9xUOLXgd5s7LvviBD/YzArJN7anNPaE0Q/q96z7XkraLR56yCIw==",
      "dev": true,
      "license": "Apache-2.0",
      "bin": {
        "topogram": "src/cli.js"
      },
      "engines": {
        "node": ">=20"
      }
    }
  }
}
