{
  "name": "@topogram/topogram-hello",
  "version": "0.1.1",
  "lockfileVersion": 3,
  "requires": true,
  "packages": {
    "": {
      "name": "@topogram/topogram-hello",
      "version": "0.1.1",
      "license": "UNLICENSED",
      "devDependencies": {
        "@topogram/cli": "^0.3.38"
      }
    },
    "node_modules/@topogram/cli": {
      "version": "0.3.38",
      "resolved": "https://registry.npmjs.org/@topogram/cli/-/cli-0.3.38.tgz",
      "integrity": "sha512-CkKCN4xcdeFUaS/fn+IWc4x1+LUoaVWhaGPB0XujQ9JnGVVnevES7QKHIumm3wri8FmhratDKlbniux9Vnz0CA==",
      "dev": true,
      "license": "Apache-2.0",
      "bin": {
        "topogram": "src/cli.js"
      },
      "engines": {
        "node": ">=20"
      }
    }
  }
}
