{
  "name": "@topogram/topogram-hello",
  "version": "0.1.2",
  "lockfileVersion": 3,
  "requires": true,
  "packages": {
    "": {
      "name": "@topogram/topogram-hello",
      "version": "0.1.2",
      "license": "UNLICENSED",
      "devDependencies": {
        "@topogram/cli": "^0.3.55"
      }
    },
    "node_modules/@topogram/cli": {
      "version": "0.3.55",
      "resolved": "https://registry.npmjs.org/@topogram/cli/-/cli-0.3.55.tgz",
      "integrity": "sha512-oZlfQ73XIVi+sHZ/O+1SIrAc6cGOWeWk/Hi3l/xxg0bUox0QeA8w1gHznwYDfiZ15h0/tI1M4/RxhjtpSKVd5Q==",
      "dev": true,
      "license": "Apache-2.0",
      "bin": {
        "topogram": "src/cli.js"
      },
      "engines": {
        "node": ">=20"
      }
    }
  }
}
